
Microsoft Visual Studio Solution File, Format Version 12.00
# Visual Studio 14
VisualStudioVersion = 14.0.25420.1
MinimumVisualStudioVersion = 10.0.40219.1
Project("{2150E333-8FDC-42A3-9474-1A3956D46DE8}") = "Solution Items", "Solution Items", "{AA8721CC-B32D-415B-98B9-C3BA090EFC40}"
	ProjectSection(SolutionItems) = preProject
		AIT.DMF.vsmdi = AIT.DMF.vsmdi
		AIT.ruleset = AIT.ruleset
		CodeAnalysisDictionary.xml = CodeAnalysisDictionary.xml
		GlobalAssemblyInfo.cs = GlobalAssemblyInfo.cs
		GlobalSuppressions.cs = GlobalSuppressions.cs
		Local.testsettings = Local.testsettings
		TraceAndTestImpact.testsettings = TraceAndTestImpact.testsettings
	EndProjectSection
EndProject
Project("{2150E333-8FDC-42A3-9474-1A3956D46DE8}") = "UserInterface", "UserInterface", "{739D14CB-C696-4827-9ABF-E65752007978}"
EndProject
Project("{2150E333-8FDC-42A3-9474-1A3956D46DE8}") = "Foundation", "Foundation", "{DE1BBF18-FFEB-40E8-99E8-14E639F7BEF4}"
EndProject
Project("{2150E333-8FDC-42A3-9474-1A3956D46DE8}") = "Plugins", "Plugins", "{9A413E5F-7D7B-4D00-90F6-D54547F39330}"
EndProject
Project("{2150E333-8FDC-42A3-9474-1A3956D46DE8}") = "Resolver", "Resolver", "{87D5F0D8-DB43-46E1-A442-4C2B4D11E582}"
EndProject
Project("{2150E333-8FDC-42A3-9474-1A3956D46DE8}") = "Downloader", "Downloader", "{87881FF0-C55D-4BCC-85E0-FD63F29BB933}"
EndProject
Project("{2150E333-8FDC-42A3-9474-1A3956D46DE8}") = "Setup", "Setup", "{EB6B0E36-0676-4E38-9F20-18E911D20625}"
EndProject
Project("{2150E333-8FDC-42A3-9474-1A3956D46DE8}") = "Validators", "Validators", "{91359FAB-4DEF-4ACF-AC08-7C657DF0771B}"
EndProject
Project("{2150E333-8FDC-42A3-9474-1A3956D46DE8}") = "Provider", "Provider", "{ACB09F1E-C7B3-4016-8F76-1E8E5D50615B}"
EndProject
Project("{FAE04EC0-301F-11D3-BF4B-00C04F79EFBC}") = "AIT.DMF.DependencyService", "AIT.DMF.DependencyService\AIT.DMF.DependencyService.csproj", "{F5373C55-E192-4C6F-8AE7-5890BAA76E51}"
	ProjectSection(ProjectDependencies) = postProject
		{2C071458-53A9-43DE-A916-432A57AA63E0} = {2C071458-53A9-43DE-A916-432A57AA63E0}
	EndProjectSection
EndProject
Project("{FAE04EC0-301F-11D3-BF4B-00C04F79EFBC}") = "AIT.DMF.Contracts", "AIT.DMF.Contracts\AIT.DMF.Contracts.csproj", "{BB7E3DC8-8DE3-4F4E-94B9-C410D7A3162A}"
EndProject
Project("{FAE04EC0-301F-11D3-BF4B-00C04F79EFBC}") = "AIT.DMF.Plugins.Resolver.FileShare", "Plugins\Resolver\AIT.DMF.Plugins.Resolver.FileShare\AIT.DMF.Plugins.Resolver.FileShare.csproj", "{AC0F8A6C-4AE6-41E5-8B31-D64A5EC39619}"
EndProject
Project("{FAE04EC0-301F-11D3-BF4B-00C04F79EFBC}") = "AIT.DMF.PluginFactory", "Plugins\AIT.DMF.PluginFactory\AIT.DMF.PluginFactory.csproj", "{BD70A9ED-2F7B-4FDC-B7F7-16F87B0C0A1F}"
EndProject
Project("{FAE04EC0-301F-11D3-BF4B-00C04F79EFBC}") = "AIT.DMF.PluginFactory.Test", "Plugins\AIT.DMF.PluginFactory.Test\AIT.DMF.PluginFactory.Test.csproj", "{6A196940-C923-49CD-96B3-C49FBCD351F8}"
EndProject
Project("{FAE04EC0-301F-11D3-BF4B-00C04F79EFBC}") = "AIT.DMF.Plugins.Resolver.FileShare.Test", "Plugins\Resolver\AIT.DMF.Plugins.Resolver.FileShare.Test\AIT.DMF.Plugins.Resolver.FileShare.Test.csproj", "{FC6682A2-2BD5-4EC9-A3EC-25B79B5EA686}"
EndProject
Project("{FAE04EC0-301F-11D3-BF4B-00C04F79EFBC}") = "AIT.DMF.DependencyService.Test", "AIT.DMF.DependencyService.Test\AIT.DMF.DependencyService.Test.csproj", "{1908EAC1-2813-45F0-B3D5-2A26C42AF8CB}"
EndProject
Project("{FAE04EC0-301F-11D3-BF4B-00C04F79EFBC}") = "AIT.DMF.Plugins.Resolver.SourceControl", "Plugins\Resolver\AIT.DMF.Plugins.Resolver.SourceControl\AIT.DMF.Plugins.Resolver.SourceControl.csproj", "{6C06BB7C-FA35-4F10-8F8C-76BF4BC64261}"
EndProject
Project("{FAE04EC0-301F-11D3-BF4B-00C04F79EFBC}") = "AIT.DMF.Common", "AIT.DMF.Common\AIT.DMF.Common.csproj", "{F9E0A643-C6B0-4A10-A820-59980F3D9555}"
EndProject
Project("{FAE04EC0-301F-11D3-BF4B-00C04F79EFBC}") = "AIT.DMF.Plugins.Resolver.BuildResult", "Plugins\Resolver\AIT.DMF.Plugins.Resolver.BuildResult\AIT.DMF.Plugins.Resolver.BuildResult.csproj", "{5A3CB4B3-9ADE-4685-9B52-E83E4B9BC57C}"
EndProject
Project("{FAE04EC0-301F-11D3-BF4B-00C04F79EFBC}") = "AIT.DMF.MSBuild", "AIT.DMF.MSBuild\AIT.DMF.MSBuild.csproj", "{54A76775-652A-46F8-81C7-8C22A600F23D}"
EndProject
Project("{FAE04EC0-301F-11D3-BF4B-00C04F79EFBC}") = "AIT.DMF.Plugins.Resolver.BinaryRepository", "Plugins\Resolver\AIT.DMF.Plugins.Resolver.BinaryRepository\AIT.DMF.Plugins.Resolver.BinaryRepository.csproj", "{D2CC4F57-2144-4E93-A557-3EC49C372056}"
EndProject
Project("{FAE04EC0-301F-11D3-BF4B-00C04F79EFBC}") = "AIT.DMF.Workflow", "AIT.DMF.Workflow\AIT.DMF.Workflow.csproj", "{B6A4E4E7-E1A8-4386-B299-74A6298A1190}"
EndProject
Project("{FAE04EC0-301F-11D3-BF4B-00C04F79EFBC}") = "AIT.DMF.Plugins.Validators.Common", "Plugins\Validators\AIT.DMF.Plugins.Validators.Common\AIT.DMF.Plugins.Validators.Common.csproj", "{69537265-7F45-47DB-B8C8-56C973216137}"
EndProject
Project("{FAE04EC0-301F-11D3-BF4B-00C04F79EFBC}") = "AIT.DMF.Plugins.Validators.Common.Test", "Plugins\Validators\AIT.DMF.Plugins.Validators.Common.Test\AIT.DMF.Plugins.Validators.Common.Test.csproj", "{7F994F08-79AE-4492-98FC-449AD340D5A5}"
EndProject
Project("{FAE04EC0-301F-11D3-BF4B-00C04F79EFBC}") = "AIT.DMF.DependencyManager.Controls", "AIT.DMF.DependencyManager.Controls\AIT.DMF.DependencyManager.Controls.csproj", "{228549C1-453B-4508-AD26-649015AE0B3C}"
EndProject
Project("{FAE04EC0-301F-11D3-BF4B-00C04F79EFBC}") = "AIT.DMF.Plugins.Resolver.BinaryRepository.Test", "Plugins\Resolver\AIT.DMF.Plugins.Resolver.BinaryRepository.Test\AIT.DMF.Plugins.Resolver.BinaryRepository.Test.csproj", "{7BE6561A-9DEA-4BFE-AA4A-262F66E34926}"
EndProject
Project("{FAE04EC0-301F-11D3-BF4B-00C04F79EFBC}") = "AIT.DMF.Logging", "AIT.DMF.Logging\AIT.DMF.Logging.csproj", "{E1B544E2-2639-41E2-8CE4-89D27BFA473D}"
EndProject
Project("{930C7802-8A8C-48F9-8165-68863BCCD9DD}") = "AIT.DMF.BuildTasksWIXInstaller", "Setup\AIT.DMF.BuildTasksWIXInstaller\AIT.DMF.BuildTasksWIXInstaller.wixproj", "{951EF394-CA03-41F1-BE44-753DE02AC375}"
	ProjectSection(ProjectDependencies) = postProject
		{2C071458-53A9-43DE-A916-432A57AA63E0} = {2C071458-53A9-43DE-A916-432A57AA63E0}
	EndProjectSection
EndProject
Project("{FAE04EC0-301F-11D3-BF4B-00C04F79EFBC}") = "AIT.DMF.Plugins.Downloader.SourceControlCopy", "Plugins\Downloader\AIT.DMF.Plugins.Downloader.SourceControlCopy\AIT.DMF.Plugins.Downloader.SourceControlCopy.csproj", "{F6B11CCE-6BDB-40F8-8404-3C9D5CAFE813}"
EndProject
Project("{FAE04EC0-301F-11D3-BF4B-00C04F79EFBC}") = "AIT.DMF.Plugins.Downloader.SourceControlMapping", "Plugins\Downloader\AIT.DMF.Plugins.Downloader.SourceControlMapping\AIT.DMF.Plugins.Downloader.SourceControlMapping.csproj", "{E37AC050-8412-4DE1-AAA9-B9AC0A648002}"
EndProject
Project("{FAE04EC0-301F-11D3-BF4B-00C04F79EFBC}") = "AIT.DMF.Plugins.Downloader.FileShareCopy", "Plugins\Downloader\AIT.DMF.Plugins.Downloader.FileShareCopy\AIT.DMF.Plugins.Downloader.FileShareCopy.csproj", "{AAE7B7E0-9226-47DA-BF07-F2DAB1454D07}"
EndProject
Project("{FAE04EC0-301F-11D3-BF4B-00C04F79EFBC}") = "AIT.DMF.Plugins.Downloader.FileShareCopy.Test", "Plugins\Downloader\AIT.DMF.Plugins.Downloader.FileShareCopy.Test\AIT.DMF.Plugins.Downloader.FileShareCopy.Test.csproj", "{28FFCDED-781B-4BEE-95BF-32A9328FE14C}"
EndProject
Project("{FAE04EC0-301F-11D3-BF4B-00C04F79EFBC}") = "AIT.DMF.DependencyManager", "AIT.DMF.DependencyManager\AIT.DMF.DependencyManager.csproj", "{385C5624-1D3C-47B4-81C4-81A5BEDEE712}"
EndProject
Project("{FAE04EC0-301F-11D3-BF4B-00C04F79EFBC}") = "AIT.DMF.Plugins.Downloader.ZippedDependency", "Plugins\Downloader\AIT.DMF.Plugins.Downloader.ZipDownloader\AIT.DMF.Plugins.Downloader.ZippedDependency.csproj", "{550E92C2-D3F4-4EC7-AA74-7DE0C488D262}"
EndProject
Project("{FAE04EC0-301F-11D3-BF4B-00C04F79EFBC}") = "AIT.DMF.Plugins.Downloader.ZippedDependency.Test", "Plugins\Downloader\AIT.DMF.Plugins.Downloader.ZipDownloader.Test\AIT.DMF.Plugins.Downloader.ZippedDependency.Test.csproj", "{97697854-DAE7-4F95-833F-487B98C727F8}"
EndProject
Project("{FAE04EC0-301F-11D3-BF4B-00C04F79EFBC}") = "CustomAction", "CustomAction\CustomAction.csproj", "{2C071458-53A9-43DE-A916-432A57AA63E0}"
EndProject
Project("{FAE04EC0-301F-11D3-BF4B-00C04F79EFBC}") = "AIT.DMF.Plugins.Downloader.Subversion", "Plugins\Downloader\AIT.DMF.Plugins.Downloader.Subversion\AIT.DMF.Plugins.Downloader.Subversion.csproj", "{F01D7F36-7580-4CFB-8F79-B7A8BC9B7E9F}"
EndProject
Project("{FAE04EC0-301F-11D3-BF4B-00C04F79EFBC}") = "AIT.DMF.Plugins.Resolver.Subversion", "Plugins\Resolver\AIT.DMF.Plugins.Resolver.Subversion\AIT.DMF.Plugins.Resolver.Subversion.csproj", "{008F12BA-9846-498E-8BF4-E69C2825EE15}"
EndProject
Project("{FAE04EC0-301F-11D3-BF4B-00C04F79EFBC}") = "AIT.DMF.Plugins.Downloader.Subversion.Test", "Plugins\Downloader\AIT.DMF.Plugins.Downloader.Subversion.Test\AIT.DMF.Plugins.Downloader.Subversion.Test.csproj", "{C5A95C2E-0AAE-4933-8221-3B0815C12C4A}"
EndProject
Project("{FAE04EC0-301F-11D3-BF4B-00C04F79EFBC}") = "AIT.DMF.Plugins.Resolver.Subversion.Test", "Plugins\Resolver\AIT.DMF.Plugins.Resolver.Subversion.Test\AIT.DMF.Plugins.Resolver.Subversion.Test.csproj", "{876E8144-681A-4922-8F18-707D8707A79F}"
EndProject
Project("{FAE04EC0-301F-11D3-BF4B-00C04F79EFBC}") = "AIT.DMF.Provider.Subversion", "Plugins\Provider\AIT.DMF.Provider.Subversion\AIT.DMF.Provider.Subversion.csproj", "{E03286A6-6A33-4FFE-84FC-4D78F66EC33B}"
EndProject
Project("{FAE04EC0-301F-11D3-BF4B-00C04F79EFBC}") = "AIT.DMF.Plugins.Resolver.VNextBuildResult", "Plugins\Resolver\AIT.DMF.Plugins.Resolver.VNextBuildResult\AIT.DMF.Plugins.Resolver.VNextBuildResult.csproj", "{209CC860-9FA9-45E5-9D2A-52E45B71EB05}"
EndProject
Project("{2150E333-8FDC-42A3-9474-1A3956D46DE8}") = "IntegrationTests", "IntegrationTests", "{FBD5FFB9-08CD-40B9-9E96-F87562DB96E5}"
EndProject
Project("{FAE04EC0-301F-11D3-BF4B-00C04F79EFBC}") = "AIT.DMF.DependencyService.Integration.Test", "IntegrationTests\AIT.DMF.DependencyService.Integration.Test\AIT.DMF.DependencyService.Integration.Test.csproj", "{DE4D90C1-DF04-4BC8-959A-8CF0090CD3D5}"
EndProject
Global
	GlobalSection(SolutionConfigurationPlatforms) = preSolution
		Debug|Any CPU = Debug|Any CPU
		Debug|Mixed Platforms = Debug|Mixed Platforms
		Debug|x86 = Debug|x86
		DebugSetupless|Any CPU = DebugSetupless|Any CPU
		DebugSetupless|Mixed Platforms = DebugSetupless|Mixed Platforms
		DebugSetupless|x86 = DebugSetupless|x86
		Release|Any CPU = Release|Any CPU
		Release|Mixed Platforms = Release|Mixed Platforms
		Release|x86 = Release|x86
	EndGlobalSection
	GlobalSection(ProjectConfigurationPlatforms) = postSolution
		{F5373C55-E192-4C6F-8AE7-5890BAA76E51}.Debug|Any CPU.ActiveCfg = Debug|Any CPU
		{F5373C55-E192-4C6F-8AE7-5890BAA76E51}.Debug|Any CPU.Build.0 = Debug|Any CPU
		{F5373C55-E192-4C6F-8AE7-5890BAA76E51}.Debug|Mixed Platforms.ActiveCfg = Debug|Any CPU
		{F5373C55-E192-4C6F-8AE7-5890BAA76E51}.Debug|Mixed Platforms.Build.0 = Debug|Any CPU
		{F5373C55-E192-4C6F-8AE7-5890BAA76E51}.Debug|x86.ActiveCfg = Debug|Any CPU
		{F5373C55-E192-4C6F-8AE7-5890BAA76E51}.DebugSetupless|Any CPU.ActiveCfg = DebugSetupless|Any CPU
		{F5373C55-E192-4C6F-8AE7-5890BAA76E51}.DebugSetupless|Any CPU.Build.0 = DebugSetupless|Any CPU
		{F5373C55-E192-4C6F-8AE7-5890BAA76E51}.DebugSetupless|Mixed Platforms.ActiveCfg = DebugSetupless|Any CPU
		{F5373C55-E192-4C6F-8AE7-5890BAA76E51}.DebugSetupless|Mixed Platforms.Build.0 = DebugSetupless|Any CPU
		{F5373C55-E192-4C6F-8AE7-5890BAA76E51}.DebugSetupless|x86.ActiveCfg = DebugSetupless|Any CPU
		{F5373C55-E192-4C6F-8AE7-5890BAA76E51}.Release|Any CPU.ActiveCfg = Release|Any CPU
		{F5373C55-E192-4C6F-8AE7-5890BAA76E51}.Release|Any CPU.Build.0 = Release|Any CPU
		{F5373C55-E192-4C6F-8AE7-5890BAA76E51}.Release|Mixed Platforms.ActiveCfg = Release|Any CPU
		{F5373C55-E192-4C6F-8AE7-5890BAA76E51}.Release|Mixed Platforms.Build.0 = Release|Any CPU
		{F5373C55-E192-4C6F-8AE7-5890BAA76E51}.Release|x86.ActiveCfg = Release|Any CPU
		{BB7E3DC8-8DE3-4F4E-94B9-C410D7A3162A}.Debug|Any CPU.ActiveCfg = Debug|Any CPU
		{BB7E3DC8-8DE3-4F4E-94B9-C410D7A3162A}.Debug|Any CPU.Build.0 = Debug|Any CPU
		{BB7E3DC8-8DE3-4F4E-94B9-C410D7A3162A}.Debug|Mixed Platforms.ActiveCfg = Debug|Any CPU
		{BB7E3DC8-8DE3-4F4E-94B9-C410D7A3162A}.Debug|Mixed Platforms.Build.0 = Debug|Any CPU
		{BB7E3DC8-8DE3-4F4E-94B9-C410D7A3162A}.Debug|x86.ActiveCfg = Debug|Any CPU
		{BB7E3DC8-8DE3-4F4E-94B9-C410D7A3162A}.DebugSetupless|Any CPU.ActiveCfg = DebugSetupless|Any CPU
		{BB7E3DC8-8DE3-4F4E-94B9-C410D7A3162A}.DebugSetupless|Any CPU.Build.0 = DebugSetupless|Any CPU
		{BB7E3DC8-8DE3-4F4E-94B9-C410D7A3162A}.DebugSetupless|Mixed Platforms.ActiveCfg = DebugSetupless|Any CPU
		{BB7E3DC8-8DE3-4F4E-94B9-C410D7A3162A}.DebugSetupless|Mixed Platforms.Build.0 = DebugSetupless|Any CPU
		{BB7E3DC8-8DE3-4F4E-94B9-C410D7A3162A}.DebugSetupless|x86.ActiveCfg = DebugSetupless|Any CPU
		{BB7E3DC8-8DE3-4F4E-94B9-C410D7A3162A}.Release|Any CPU.ActiveCfg = Release|Any CPU
		{BB7E3DC8-8DE3-4F4E-94B9-C410D7A3162A}.Release|Any CPU.Build.0 = Release|Any CPU
		{BB7E3DC8-8DE3-4F4E-94B9-C410D7A3162A}.Release|Mixed Platforms.ActiveCfg = Release|Any CPU
		{BB7E3DC8-8DE3-4F4E-94B9-C410D7A3162A}.Release|Mixed Platforms.Build.0 = Release|Any CPU
		{BB7E3DC8-8DE3-4F4E-94B9-C410D7A3162A}.Release|x86.ActiveCfg = Release|Any CPU
		{AC0F8A6C-4AE6-41E5-8B31-D64A5EC39619}.Debug|Any CPU.ActiveCfg = Debug|Any CPU
		{AC0F8A6C-4AE6-41E5-8B31-D64A5EC39619}.Debug|Any CPU.Build.0 = Debug|Any CPU
		{AC0F8A6C-4AE6-41E5-8B31-D64A5EC39619}.Debug|Mixed Platforms.ActiveCfg = Debug|Any CPU
		{AC0F8A6C-4AE6-41E5-8B31-D64A5EC39619}.Debug|Mixed Platforms.Build.0 = Debug|Any CPU
		{AC0F8A6C-4AE6-41E5-8B31-D64A5EC39619}.Debug|x86.ActiveCfg = Debug|Any CPU
		{AC0F8A6C-4AE6-41E5-8B31-D64A5EC39619}.DebugSetupless|Any CPU.ActiveCfg = DebugSetupless|Any CPU
		{AC0F8A6C-4AE6-41E5-8B31-D64A5EC39619}.DebugSetupless|Any CPU.Build.0 = DebugSetupless|Any CPU
		{AC0F8A6C-4AE6-41E5-8B31-D64A5EC39619}.DebugSetupless|Mixed Platforms.ActiveCfg = DebugSetupless|Any CPU
		{AC0F8A6C-4AE6-41E5-8B31-D64A5EC39619}.DebugSetupless|Mixed Platforms.Build.0 = DebugSetupless|Any CPU
		{AC0F8A6C-4AE6-41E5-8B31-D64A5EC39619}.DebugSetupless|x86.ActiveCfg = DebugSetupless|Any CPU
		{AC0F8A6C-4AE6-41E5-8B31-D64A5EC39619}.Release|Any CPU.ActiveCfg = Release|Any CPU
		{AC0F8A6C-4AE6-41E5-8B31-D64A5EC39619}.Release|Any CPU.Build.0 = Release|Any CPU
		{AC0F8A6C-4AE6-41E5-8B31-D64A5EC39619}.Release|Mixed Platforms.ActiveCfg = Release|Any CPU
		{AC0F8A6C-4AE6-41E5-8B31-D64A5EC39619}.Release|Mixed Platforms.Build.0 = Release|Any CPU
		{AC0F8A6C-4AE6-41E5-8B31-D64A5EC39619}.Release|x86.ActiveCfg = Release|Any CPU
		{BD70A9ED-2F7B-4FDC-B7F7-16F87B0C0A1F}.Debug|Any CPU.ActiveCfg = Debug|Any CPU
		{BD70A9ED-2F7B-4FDC-B7F7-16F87B0C0A1F}.Debug|Any CPU.Build.0 = Debug|Any CPU
		{BD70A9ED-2F7B-4FDC-B7F7-16F87B0C0A1F}.Debug|Mixed Platforms.ActiveCfg = Debug|Any CPU
		{BD70A9ED-2F7B-4FDC-B7F7-16F87B0C0A1F}.Debug|Mixed Platforms.Build.0 = Debug|Any CPU
		{BD70A9ED-2F7B-4FDC-B7F7-16F87B0C0A1F}.Debug|x86.ActiveCfg = Debug|Any CPU
		{BD70A9ED-2F7B-4FDC-B7F7-16F87B0C0A1F}.DebugSetupless|Any CPU.ActiveCfg = DebugSetupless|Any CPU
		{BD70A9ED-2F7B-4FDC-B7F7-16F87B0C0A1F}.DebugSetupless|Any CPU.Build.0 = DebugSetupless|Any CPU
		{BD70A9ED-2F7B-4FDC-B7F7-16F87B0C0A1F}.DebugSetupless|Mixed Platforms.ActiveCfg = DebugSetupless|Any CPU
		{BD70A9ED-2F7B-4FDC-B7F7-16F87B0C0A1F}.DebugSetupless|Mixed Platforms.Build.0 = DebugSetupless|Any CPU
		{BD70A9ED-2F7B-4FDC-B7F7-16F87B0C0A1F}.DebugSetupless|x86.ActiveCfg = DebugSetupless|Any CPU
		{BD70A9ED-2F7B-4FDC-B7F7-16F87B0C0A1F}.Release|Any CPU.ActiveCfg = Release|Any CPU
		{BD70A9ED-2F7B-4FDC-B7F7-16F87B0C0A1F}.Release|Any CPU.Build.0 = Release|Any CPU
		{BD70A9ED-2F7B-4FDC-B7F7-16F87B0C0A1F}.Release|Mixed Platforms.ActiveCfg = Release|Any CPU
		{BD70A9ED-2F7B-4FDC-B7F7-16F87B0C0A1F}.Release|Mixed Platforms.Build.0 = Release|Any CPU
		{BD70A9ED-2F7B-4FDC-B7F7-16F87B0C0A1F}.Release|x86.ActiveCfg = Release|Any CPU
		{6A196940-C923-49CD-96B3-C49FBCD351F8}.Debug|Any CPU.ActiveCfg = Debug|Any CPU
		{6A196940-C923-49CD-96B3-C49FBCD351F8}.Debug|Any CPU.Build.0 = Debug|Any CPU
		{6A196940-C923-49CD-96B3-C49FBCD351F8}.Debug|Mixed Platforms.ActiveCfg = Debug|Any CPU
		{6A196940-C923-49CD-96B3-C49FBCD351F8}.Debug|Mixed Platforms.Build.0 = Debug|Any CPU
		{6A196940-C923-49CD-96B3-C49FBCD351F8}.Debug|x86.ActiveCfg = Debug|Any CPU
		{6A196940-C923-49CD-96B3-C49FBCD351F8}.DebugSetupless|Any CPU.ActiveCfg = DebugSetupless|Any CPU
		{6A196940-C923-49CD-96B3-C49FBCD351F8}.DebugSetupless|Any CPU.Build.0 = DebugSetupless|Any CPU
		{6A196940-C923-49CD-96B3-C49FBCD351F8}.DebugSetupless|Mixed Platforms.ActiveCfg = DebugSetupless|Any CPU
		{6A196940-C923-49CD-96B3-C49FBCD351F8}.DebugSetupless|Mixed Platforms.Build.0 = DebugSetupless|Any CPU
		{6A196940-C923-49CD-96B3-C49FBCD351F8}.DebugSetupless|x86.ActiveCfg = DebugSetupless|Any CPU
		{6A196940-C923-49CD-96B3-C49FBCD351F8}.Release|Any CPU.ActiveCfg = Release|Any CPU
		{6A196940-C923-49CD-96B3-C49FBCD351F8}.Release|Any CPU.Build.0 = Release|Any CPU
		{6A196940-C923-49CD-96B3-C49FBCD351F8}.Release|Mixed Platforms.ActiveCfg = Release|Any CPU
		{6A196940-C923-49CD-96B3-C49FBCD351F8}.Release|Mixed Platforms.Build.0 = Release|Any CPU
		{6A196940-C923-49CD-96B3-C49FBCD351F8}.Release|x86.ActiveCfg = Release|Any CPU
		{FC6682A2-2BD5-4EC9-A3EC-25B79B5EA686}.Debug|Any CPU.ActiveCfg = Debug|Any CPU
		{FC6682A2-2BD5-4EC9-A3EC-25B79B5EA686}.Debug|Any CPU.Build.0 = Debug|Any CPU
		{FC6682A2-2BD5-4EC9-A3EC-25B79B5EA686}.Debug|Mixed Platforms.ActiveCfg = Debug|Any CPU
		{FC6682A2-2BD5-4EC9-A3EC-25B79B5EA686}.Debug|Mixed Platforms.Build.0 = Debug|Any CPU
		{FC6682A2-2BD5-4EC9-A3EC-25B79B5EA686}.Debug|x86.ActiveCfg = Debug|Any CPU
		{FC6682A2-2BD5-4EC9-A3EC-25B79B5EA686}.DebugSetupless|Any CPU.ActiveCfg = DebugSetupless|Any CPU
		{FC6682A2-2BD5-4EC9-A3EC-25B79B5EA686}.DebugSetupless|Any CPU.Build.0 = DebugSetupless|Any CPU
		{FC6682A2-2BD5-4EC9-A3EC-25B79B5EA686}.DebugSetupless|Mixed Platforms.ActiveCfg = DebugSetupless|Any CPU
		{FC6682A2-2BD5-4EC9-A3EC-25B79B5EA686}.DebugSetupless|Mixed Platforms.Build.0 = DebugSetupless|Any CPU
		{FC6682A2-2BD5-4EC9-A3EC-25B79B5EA686}.DebugSetupless|x86.ActiveCfg = DebugSetupless|Any CPU
		{FC6682A2-2BD5-4EC9-A3EC-25B79B5EA686}.Release|Any CPU.ActiveCfg = Release|Any CPU
		{FC6682A2-2BD5-4EC9-A3EC-25B79B5EA686}.Release|Any CPU.Build.0 = Release|Any CPU
		{FC6682A2-2BD5-4EC9-A3EC-25B79B5EA686}.Release|Mixed Platforms.ActiveCfg = Release|Any CPU
		{FC6682A2-2BD5-4EC9-A3EC-25B79B5EA686}.Release|Mixed Platforms.Build.0 = Release|Any CPU
		{FC6682A2-2BD5-4EC9-A3EC-25B79B5EA686}.Release|x86.ActiveCfg = Release|Any CPU
		{1908EAC1-2813-45F0-B3D5-2A26C42AF8CB}.Debug|Any CPU.ActiveCfg = Debug|Any CPU
		{1908EAC1-2813-45F0-B3D5-2A26C42AF8CB}.Debug|Any CPU.Build.0 = Debug|Any CPU
		{1908EAC1-2813-45F0-B3D5-2A26C42AF8CB}.Debug|Mixed Platforms.ActiveCfg = Debug|Any CPU
		{1908EAC1-2813-45F0-B3D5-2A26C42AF8CB}.Debug|Mixed Platforms.Build.0 = Debug|Any CPU
		{1908EAC1-2813-45F0-B3D5-2A26C42AF8CB}.Debug|x86.ActiveCfg = Debug|Any CPU
		{1908EAC1-2813-45F0-B3D5-2A26C42AF8CB}.DebugSetupless|Any CPU.ActiveCfg = DebugSetupless|Any CPU
		{1908EAC1-2813-45F0-B3D5-2A26C42AF8CB}.DebugSetupless|Any CPU.Build.0 = DebugSetupless|Any CPU
		{1908EAC1-2813-45F0-B3D5-2A26C42AF8CB}.DebugSetupless|Mixed Platforms.ActiveCfg = DebugSetupless|Any CPU
		{1908EAC1-2813-45F0-B3D5-2A26C42AF8CB}.DebugSetupless|Mixed Platforms.Build.0 = DebugSetupless|Any CPU
		{1908EAC1-2813-45F0-B3D5-2A26C42AF8CB}.DebugSetupless|x86.ActiveCfg = DebugSetupless|Any CPU
		{1908EAC1-2813-45F0-B3D5-2A26C42AF8CB}.Release|Any CPU.ActiveCfg = Release|Any CPU
		{1908EAC1-2813-45F0-B3D5-2A26C42AF8CB}.Release|Any CPU.Build.0 = Release|Any CPU
		{1908EAC1-2813-45F0-B3D5-2A26C42AF8CB}.Release|Mixed Platforms.ActiveCfg = Release|Any CPU
		{1908EAC1-2813-45F0-B3D5-2A26C42AF8CB}.Release|Mixed Platforms.Build.0 = Release|Any CPU
		{1908EAC1-2813-45F0-B3D5-2A26C42AF8CB}.Release|x86.ActiveCfg = Release|Any CPU
		{6C06BB7C-FA35-4F10-8F8C-76BF4BC64261}.Debug|Any CPU.ActiveCfg = Debug|Any CPU
		{6C06BB7C-FA35-4F10-8F8C-76BF4BC64261}.Debug|Any CPU.Build.0 = Debug|Any CPU
		{6C06BB7C-FA35-4F10-8F8C-76BF4BC64261}.Debug|Mixed Platforms.ActiveCfg = Debug|Any CPU
		{6C06BB7C-FA35-4F10-8F8C-76BF4BC64261}.Debug|Mixed Platforms.Build.0 = Debug|Any CPU
		{6C06BB7C-FA35-4F10-8F8C-76BF4BC64261}.Debug|x86.ActiveCfg = Debug|Any CPU
		{6C06BB7C-FA35-4F10-8F8C-76BF4BC64261}.DebugSetupless|Any CPU.ActiveCfg = DebugSetupless|Any CPU
		{6C06BB7C-FA35-4F10-8F8C-76BF4BC64261}.DebugSetupless|Any CPU.Build.0 = DebugSetupless|Any CPU
		{6C06BB7C-FA35-4F10-8F8C-76BF4BC64261}.DebugSetupless|Mixed Platforms.ActiveCfg = DebugSetupless|Any CPU
		{6C06BB7C-FA35-4F10-8F8C-76BF4BC64261}.DebugSetupless|Mixed Platforms.Build.0 = DebugSetupless|Any CPU
		{6C06BB7C-FA35-4F10-8F8C-76BF4BC64261}.DebugSetupless|x86.ActiveCfg = DebugSetupless|Any CPU
		{6C06BB7C-FA35-4F10-8F8C-76BF4BC64261}.Release|Any CPU.ActiveCfg = Release|Any CPU
		{6C06BB7C-FA35-4F10-8F8C-76BF4BC64261}.Release|Any CPU.Build.0 = Release|Any CPU
		{6C06BB7C-FA35-4F10-8F8C-76BF4BC64261}.Release|Mixed Platforms.ActiveCfg = Release|Any CPU
		{6C06BB7C-FA35-4F10-8F8C-76BF4BC64261}.Release|Mixed Platforms.Build.0 = Release|Any CPU
		{6C06BB7C-FA35-4F10-8F8C-76BF4BC64261}.Release|x86.ActiveCfg = Release|Any CPU
		{F9E0A643-C6B0-4A10-A820-59980F3D9555}.Debug|Any CPU.ActiveCfg = Debug|Any CPU
		{F9E0A643-C6B0-4A10-A820-59980F3D9555}.Debug|Any CPU.Build.0 = Debug|Any CPU
		{F9E0A643-C6B0-4A10-A820-59980F3D9555}.Debug|Mixed Platforms.ActiveCfg = Debug|Any CPU
		{F9E0A643-C6B0-4A10-A820-59980F3D9555}.Debug|Mixed Platforms.Build.0 = Debug|Any CPU
		{F9E0A643-C6B0-4A10-A820-59980F3D9555}.Debug|x86.ActiveCfg = Debug|Any CPU
		{F9E0A643-C6B0-4A10-A820-59980F3D9555}.DebugSetupless|Any CPU.ActiveCfg = DebugSetupless|Any CPU
		{F9E0A643-C6B0-4A10-A820-59980F3D9555}.DebugSetupless|Any CPU.Build.0 = DebugSetupless|Any CPU
		{F9E0A643-C6B0-4A10-A820-59980F3D9555}.DebugSetupless|Mixed Platforms.ActiveCfg = DebugSetupless|Any CPU
		{F9E0A643-C6B0-4A10-A820-59980F3D9555}.DebugSetupless|Mixed Platforms.Build.0 = DebugSetupless|Any CPU
		{F9E0A643-C6B0-4A10-A820-59980F3D9555}.DebugSetupless|x86.ActiveCfg = DebugSetupless|Any CPU
		{F9E0A643-C6B0-4A10-A820-59980F3D9555}.Release|Any CPU.ActiveCfg = Release|Any CPU
		{F9E0A643-C6B0-4A10-A820-59980F3D9555}.Release|Any CPU.Build.0 = Release|Any CPU
		{F9E0A643-C6B0-4A10-A820-59980F3D9555}.Release|Mixed Platforms.ActiveCfg = Release|Any CPU
		{F9E0A643-C6B0-4A10-A820-59980F3D9555}.Release|Mixed Platforms.Build.0 = Release|Any CPU
		{F9E0A643-C6B0-4A10-A820-59980F3D9555}.Release|x86.ActiveCfg = Release|Any CPU
		{5A3CB4B3-9ADE-4685-9B52-E83E4B9BC57C}.Debug|Any CPU.ActiveCfg = Debug|Any CPU
		{5A3CB4B3-9ADE-4685-9B52-E83E4B9BC57C}.Debug|Any CPU.Build.0 = Debug|Any CPU
		{5A3CB4B3-9ADE-4685-9B52-E83E4B9BC57C}.Debug|Mixed Platforms.ActiveCfg = Debug|Any CPU
		{5A3CB4B3-9ADE-4685-9B52-E83E4B9BC57C}.Debug|Mixed Platforms.Build.0 = Debug|Any CPU
		{5A3CB4B3-9ADE-4685-9B52-E83E4B9BC57C}.Debug|x86.ActiveCfg = Debug|Any CPU
		{5A3CB4B3-9ADE-4685-9B52-E83E4B9BC57C}.DebugSetupless|Any CPU.ActiveCfg = DebugSetupless|Any CPU
		{5A3CB4B3-9ADE-4685-9B52-E83E4B9BC57C}.DebugSetupless|Any CPU.Build.0 = DebugSetupless|Any CPU
		{5A3CB4B3-9ADE-4685-9B52-E83E4B9BC57C}.DebugSetupless|Mixed Platforms.ActiveCfg = DebugSetupless|Any CPU
		{5A3CB4B3-9ADE-4685-9B52-E83E4B9BC57C}.DebugSetupless|Mixed Platforms.Build.0 = DebugSetupless|Any CPU
		{5A3CB4B3-9ADE-4685-9B52-E83E4B9BC57C}.DebugSetupless|x86.ActiveCfg = DebugSetupless|Any CPU
		{5A3CB4B3-9ADE-4685-9B52-E83E4B9BC57C}.Release|Any CPU.ActiveCfg = Release|Any CPU
		{5A3CB4B3-9ADE-4685-9B52-E83E4B9BC57C}.Release|Any CPU.Build.0 = Release|Any CPU
		{5A3CB4B3-9ADE-4685-9B52-E83E4B9BC57C}.Release|Mixed Platforms.ActiveCfg = Release|Any CPU
		{5A3CB4B3-9ADE-4685-9B52-E83E4B9BC57C}.Release|Mixed Platforms.Build.0 = Release|Any CPU
		{5A3CB4B3-9ADE-4685-9B52-E83E4B9BC57C}.Release|x86.ActiveCfg = Release|Any CPU
		{54A76775-652A-46F8-81C7-8C22A600F23D}.Debug|Any CPU.ActiveCfg = Debug|Any CPU
		{54A76775-652A-46F8-81C7-8C22A600F23D}.Debug|Any CPU.Build.0 = Debug|Any CPU
		{54A76775-652A-46F8-81C7-8C22A600F23D}.Debug|Mixed Platforms.ActiveCfg = Debug|Any CPU
		{54A76775-652A-46F8-81C7-8C22A600F23D}.Debug|Mixed Platforms.Build.0 = Debug|Any CPU
		{54A76775-652A-46F8-81C7-8C22A600F23D}.Debug|x86.ActiveCfg = Debug|Any CPU
		{54A76775-652A-46F8-81C7-8C22A600F23D}.DebugSetupless|Any CPU.ActiveCfg = DebugSetupless|Any CPU
		{54A76775-652A-46F8-81C7-8C22A600F23D}.DebugSetupless|Any CPU.Build.0 = DebugSetupless|Any CPU
		{54A76775-652A-46F8-81C7-8C22A600F23D}.DebugSetupless|Mixed Platforms.ActiveCfg = DebugSetupless|Any CPU
		{54A76775-652A-46F8-81C7-8C22A600F23D}.DebugSetupless|Mixed Platforms.Build.0 = DebugSetupless|Any CPU
		{54A76775-652A-46F8-81C7-8C22A600F23D}.DebugSetupless|x86.ActiveCfg = DebugSetupless|Any CPU
		{54A76775-652A-46F8-81C7-8C22A600F23D}.Release|Any CPU.ActiveCfg = Release|Any CPU
		{54A76775-652A-46F8-81C7-8C22A600F23D}.Release|Any CPU.Build.0 = Release|Any CPU
		{54A76775-652A-46F8-81C7-8C22A600F23D}.Release|Mixed Platforms.ActiveCfg = Release|Any CPU
		{54A76775-652A-46F8-81C7-8C22A600F23D}.Release|Mixed Platforms.Build.0 = Release|Any CPU
		{54A76775-652A-46F8-81C7-8C22A600F23D}.Release|x86.ActiveCfg = Release|Any CPU
		{D2CC4F57-2144-4E93-A557-3EC49C372056}.Debug|Any CPU.ActiveCfg = Debug|Any CPU
		{D2CC4F57-2144-4E93-A557-3EC49C372056}.Debug|Any CPU.Build.0 = Debug|Any CPU
		{D2CC4F57-2144-4E93-A557-3EC49C372056}.Debug|Mixed Platforms.ActiveCfg = Debug|Any CPU
		{D2CC4F57-2144-4E93-A557-3EC49C372056}.Debug|Mixed Platforms.Build.0 = Debug|Any CPU
		{D2CC4F57-2144-4E93-A557-3EC49C372056}.Debug|x86.ActiveCfg = Debug|Any CPU
		{D2CC4F57-2144-4E93-A557-3EC49C372056}.DebugSetupless|Any CPU.ActiveCfg = DebugSetupless|Any CPU
		{D2CC4F57-2144-4E93-A557-3EC49C372056}.DebugSetupless|Any CPU.Build.0 = DebugSetupless|Any CPU
		{D2CC4F57-2144-4E93-A557-3EC49C372056}.DebugSetupless|Mixed Platforms.ActiveCfg = DebugSetupless|Any CPU
		{D2CC4F57-2144-4E93-A557-3EC49C372056}.DebugSetupless|Mixed Platforms.Build.0 = DebugSetupless|Any CPU
		{D2CC4F57-2144-4E93-A557-3EC49C372056}.DebugSetupless|x86.ActiveCfg = DebugSetupless|Any CPU
		{D2CC4F57-2144-4E93-A557-3EC49C372056}.Release|Any CPU.ActiveCfg = Release|Any CPU
		{D2CC4F57-2144-4E93-A557-3EC49C372056}.Release|Any CPU.Build.0 = Release|Any CPU
		{D2CC4F57-2144-4E93-A557-3EC49C372056}.Release|Mixed Platforms.ActiveCfg = Release|Any CPU
		{D2CC4F57-2144-4E93-A557-3EC49C372056}.Release|Mixed Platforms.Build.0 = Release|Any CPU
		{D2CC4F57-2144-4E93-A557-3EC49C372056}.Release|x86.ActiveCfg = Release|Any CPU
		{B6A4E4E7-E1A8-4386-B299-74A6298A1190}.Debug|Any CPU.ActiveCfg = Debug|Any CPU
		{B6A4E4E7-E1A8-4386-B299-74A6298A1190}.Debug|Any CPU.Build.0 = Debug|Any CPU
		{B6A4E4E7-E1A8-4386-B299-74A6298A1190}.Debug|Mixed Platforms.ActiveCfg = Debug|Any CPU
		{B6A4E4E7-E1A8-4386-B299-74A6298A1190}.Debug|Mixed Platforms.Build.0 = Debug|Any CPU
		{B6A4E4E7-E1A8-4386-B299-74A6298A1190}.Debug|x86.ActiveCfg = Debug|Any CPU
		{B6A4E4E7-E1A8-4386-B299-74A6298A1190}.DebugSetupless|Any CPU.ActiveCfg = DebugSetupless|Any CPU
		{B6A4E4E7-E1A8-4386-B299-74A6298A1190}.DebugSetupless|Any CPU.Build.0 = DebugSetupless|Any CPU
		{B6A4E4E7-E1A8-4386-B299-74A6298A1190}.DebugSetupless|Mixed Platforms.ActiveCfg = DebugSetupless|Any CPU
		{B6A4E4E7-E1A8-4386-B299-74A6298A1190}.DebugSetupless|Mixed Platforms.Build.0 = DebugSetupless|Any CPU
		{B6A4E4E7-E1A8-4386-B299-74A6298A1190}.DebugSetupless|x86.ActiveCfg = DebugSetupless|Any CPU
		{B6A4E4E7-E1A8-4386-B299-74A6298A1190}.Release|Any CPU.ActiveCfg = Release|Any CPU
		{B6A4E4E7-E1A8-4386-B299-74A6298A1190}.Release|Any CPU.Build.0 = Release|Any CPU
		{B6A4E4E7-E1A8-4386-B299-74A6298A1190}.Release|Mixed Platforms.ActiveCfg = Release|Any CPU
		{B6A4E4E7-E1A8-4386-B299-74A6298A1190}.Release|Mixed Platforms.Build.0 = Release|Any CPU
		{B6A4E4E7-E1A8-4386-B299-74A6298A1190}.Release|x86.ActiveCfg = Release|Any CPU
		{69537265-7F45-47DB-B8C8-56C973216137}.Debug|Any CPU.ActiveCfg = Debug|Any CPU
		{69537265-7F45-47DB-B8C8-56C973216137}.Debug|Any CPU.Build.0 = Debug|Any CPU
		{69537265-7F45-47DB-B8C8-56C973216137}.Debug|Mixed Platforms.ActiveCfg = Debug|Any CPU
		{69537265-7F45-47DB-B8C8-56C973216137}.Debug|Mixed Platforms.Build.0 = Debug|Any CPU
		{69537265-7F45-47DB-B8C8-56C973216137}.Debug|x86.ActiveCfg = Debug|Any CPU
		{69537265-7F45-47DB-B8C8-56C973216137}.DebugSetupless|Any CPU.ActiveCfg = DebugSetupless|Any CPU
		{69537265-7F45-47DB-B8C8-56C973216137}.DebugSetupless|Any CPU.Build.0 = DebugSetupless|Any CPU
		{69537265-7F45-47DB-B8C8-56C973216137}.DebugSetupless|Mixed Platforms.ActiveCfg = DebugSetupless|Any CPU
		{69537265-7F45-47DB-B8C8-56C973216137}.DebugSetupless|Mixed Platforms.Build.0 = DebugSetupless|Any CPU
		{69537265-7F45-47DB-B8C8-56C973216137}.DebugSetupless|x86.ActiveCfg = DebugSetupless|Any CPU
		{69537265-7F45-47DB-B8C8-56C973216137}.Release|Any CPU.ActiveCfg = Release|Any CPU
		{69537265-7F45-47DB-B8C8-56C973216137}.Release|Any CPU.Build.0 = Release|Any CPU
		{69537265-7F45-47DB-B8C8-56C973216137}.Release|Mixed Platforms.ActiveCfg = Release|Any CPU
		{69537265-7F45-47DB-B8C8-56C973216137}.Release|Mixed Platforms.Build.0 = Release|Any CPU
		{69537265-7F45-47DB-B8C8-56C973216137}.Release|x86.ActiveCfg = Release|Any CPU
		{7F994F08-79AE-4492-98FC-449AD340D5A5}.Debug|Any CPU.ActiveCfg = Debug|Any CPU
		{7F994F08-79AE-4492-98FC-449AD340D5A5}.Debug|Any CPU.Build.0 = Debug|Any CPU
		{7F994F08-79AE-4492-98FC-449AD340D5A5}.Debug|Mixed Platforms.ActiveCfg = Debug|Any CPU
		{7F994F08-79AE-4492-98FC-449AD340D5A5}.Debug|Mixed Platforms.Build.0 = Debug|Any CPU
		{7F994F08-79AE-4492-98FC-449AD340D5A5}.Debug|x86.ActiveCfg = Debug|Any CPU
		{7F994F08-79AE-4492-98FC-449AD340D5A5}.DebugSetupless|Any CPU.ActiveCfg = DebugSetupless|Any CPU
		{7F994F08-79AE-4492-98FC-449AD340D5A5}.DebugSetupless|Any CPU.Build.0 = DebugSetupless|Any CPU
		{7F994F08-79AE-4492-98FC-449AD340D5A5}.DebugSetupless|Mixed Platforms.ActiveCfg = DebugSetupless|Any CPU
		{7F994F08-79AE-4492-98FC-449AD340D5A5}.DebugSetupless|Mixed Platforms.Build.0 = DebugSetupless|Any CPU
		{7F994F08-79AE-4492-98FC-449AD340D5A5}.DebugSetupless|x86.ActiveCfg = DebugSetupless|Any CPU
		{7F994F08-79AE-4492-98FC-449AD340D5A5}.Release|Any CPU.ActiveCfg = Release|Any CPU
		{7F994F08-79AE-4492-98FC-449AD340D5A5}.Release|Any CPU.Build.0 = Release|Any CPU
		{7F994F08-79AE-4492-98FC-449AD340D5A5}.Release|Mixed Platforms.ActiveCfg = Release|Any CPU
		{7F994F08-79AE-4492-98FC-449AD340D5A5}.Release|Mixed Platforms.Build.0 = Release|Any CPU
		{7F994F08-79AE-4492-98FC-449AD340D5A5}.Release|x86.ActiveCfg = Release|Any CPU
		{228549C1-453B-4508-AD26-649015AE0B3C}.Debug|Any CPU.ActiveCfg = Debug|Any CPU
		{228549C1-453B-4508-AD26-649015AE0B3C}.Debug|Any CPU.Build.0 = Debug|Any CPU
		{228549C1-453B-4508-AD26-649015AE0B3C}.Debug|Mixed Platforms.ActiveCfg = Debug|Any CPU
		{228549C1-453B-4508-AD26-649015AE0B3C}.Debug|Mixed Platforms.Build.0 = Debug|Any CPU
		{228549C1-453B-4508-AD26-649015AE0B3C}.Debug|x86.ActiveCfg = Debug|Any CPU
		{228549C1-453B-4508-AD26-649015AE0B3C}.DebugSetupless|Any CPU.ActiveCfg = DebugSetupless|Any CPU
		{228549C1-453B-4508-AD26-649015AE0B3C}.DebugSetupless|Any CPU.Build.0 = DebugSetupless|Any CPU
		{228549C1-453B-4508-AD26-649015AE0B3C}.DebugSetupless|Mixed Platforms.ActiveCfg = DebugSetupless|Any CPU
		{228549C1-453B-4508-AD26-649015AE0B3C}.DebugSetupless|Mixed Platforms.Build.0 = DebugSetupless|Any CPU
		{228549C1-453B-4508-AD26-649015AE0B3C}.DebugSetupless|x86.ActiveCfg = DebugSetupless|Any CPU
		{228549C1-453B-4508-AD26-649015AE0B3C}.Release|Any CPU.ActiveCfg = Release|Any CPU
		{228549C1-453B-4508-AD26-649015AE0B3C}.Release|Any CPU.Build.0 = Release|Any CPU
		{228549C1-453B-4508-AD26-649015AE0B3C}.Release|Mixed Platforms.ActiveCfg = Release|Any CPU
		{228549C1-453B-4508-AD26-649015AE0B3C}.Release|Mixed Platforms.Build.0 = Release|Any CPU
		{228549C1-453B-4508-AD26-649015AE0B3C}.Release|x86.ActiveCfg = Release|Any CPU
		{7BE6561A-9DEA-4BFE-AA4A-262F66E34926}.Debug|Any CPU.ActiveCfg = Debug|Any CPU
		{7BE6561A-9DEA-4BFE-AA4A-262F66E34926}.Debug|Any CPU.Build.0 = Debug|Any CPU
		{7BE6561A-9DEA-4BFE-AA4A-262F66E34926}.Debug|Mixed Platforms.ActiveCfg = Debug|Any CPU
		{7BE6561A-9DEA-4BFE-AA4A-262F66E34926}.Debug|Mixed Platforms.Build.0 = Debug|Any CPU
		{7BE6561A-9DEA-4BFE-AA4A-262F66E34926}.Debug|x86.ActiveCfg = Debug|Any CPU
		{7BE6561A-9DEA-4BFE-AA4A-262F66E34926}.DebugSetupless|Any CPU.ActiveCfg = DebugSetupless|Any CPU
		{7BE6561A-9DEA-4BFE-AA4A-262F66E34926}.DebugSetupless|Any CPU.Build.0 = DebugSetupless|Any CPU
		{7BE6561A-9DEA-4BFE-AA4A-262F66E34926}.DebugSetupless|Mixed Platforms.ActiveCfg = DebugSetupless|Any CPU
		{7BE6561A-9DEA-4BFE-AA4A-262F66E34926}.DebugSetupless|Mixed Platforms.Build.0 = DebugSetupless|Any CPU
		{7BE6561A-9DEA-4BFE-AA4A-262F66E34926}.DebugSetupless|x86.ActiveCfg = DebugSetupless|Any CPU
		{7BE6561A-9DEA-4BFE-AA4A-262F66E34926}.Release|Any CPU.ActiveCfg = Release|Any CPU
		{7BE6561A-9DEA-4BFE-AA4A-262F66E34926}.Release|Any CPU.Build.0 = Release|Any CPU
		{7BE6561A-9DEA-4BFE-AA4A-262F66E34926}.Release|Mixed Platforms.ActiveCfg = Release|Any CPU
		{7BE6561A-9DEA-4BFE-AA4A-262F66E34926}.Release|Mixed Platforms.Build.0 = Release|Any CPU
		{7BE6561A-9DEA-4BFE-AA4A-262F66E34926}.Release|x86.ActiveCfg = Release|Any CPU
		{E1B544E2-2639-41E2-8CE4-89D27BFA473D}.Debug|Any CPU.ActiveCfg = Debug|Any CPU
		{E1B544E2-2639-41E2-8CE4-89D27BFA473D}.Debug|Any CPU.Build.0 = Debug|Any CPU
		{E1B544E2-2639-41E2-8CE4-89D27BFA473D}.Debug|Mixed Platforms.ActiveCfg = Debug|Any CPU
		{E1B544E2-2639-41E2-8CE4-89D27BFA473D}.Debug|Mixed Platforms.Build.0 = Debug|Any CPU
		{E1B544E2-2639-41E2-8CE4-89D27BFA473D}.Debug|x86.ActiveCfg = Debug|Any CPU
		{E1B544E2-2639-41E2-8CE4-89D27BFA473D}.DebugSetupless|Any CPU.ActiveCfg = DebugSetupless|Any CPU
		{E1B544E2-2639-41E2-8CE4-89D27BFA473D}.DebugSetupless|Any CPU.Build.0 = DebugSetupless|Any CPU
		{E1B544E2-2639-41E2-8CE4-89D27BFA473D}.DebugSetupless|Mixed Platforms.ActiveCfg = DebugSetupless|Any CPU
		{E1B544E2-2639-41E2-8CE4-89D27BFA473D}.DebugSetupless|Mixed Platforms.Build.0 = DebugSetupless|Any CPU
		{E1B544E2-2639-41E2-8CE4-89D27BFA473D}.DebugSetupless|x86.ActiveCfg = DebugSetupless|Any CPU
		{E1B544E2-2639-41E2-8CE4-89D27BFA473D}.Release|Any CPU.ActiveCfg = Release|Any CPU
		{E1B544E2-2639-41E2-8CE4-89D27BFA473D}.Release|Any CPU.Build.0 = Release|Any CPU
		{E1B544E2-2639-41E2-8CE4-89D27BFA473D}.Release|Mixed Platforms.ActiveCfg = Release|Any CPU
		{E1B544E2-2639-41E2-8CE4-89D27BFA473D}.Release|Mixed Platforms.Build.0 = Release|Any CPU
		{E1B544E2-2639-41E2-8CE4-89D27BFA473D}.Release|x86.ActiveCfg = Release|Any CPU
		{951EF394-CA03-41F1-BE44-753DE02AC375}.Debug|Any CPU.ActiveCfg = Debug|x86
		{951EF394-CA03-41F1-BE44-753DE02AC375}.Debug|Any CPU.Build.0 = Debug|x86
		{951EF394-CA03-41F1-BE44-753DE02AC375}.Debug|Mixed Platforms.ActiveCfg = Debug|x86
		{951EF394-CA03-41F1-BE44-753DE02AC375}.Debug|Mixed Platforms.Build.0 = Debug|x86
		{951EF394-CA03-41F1-BE44-753DE02AC375}.Debug|x86.ActiveCfg = Debug|x86
		{951EF394-CA03-41F1-BE44-753DE02AC375}.Debug|x86.Build.0 = Debug|x86
		{951EF394-CA03-41F1-BE44-753DE02AC375}.DebugSetupless|Any CPU.ActiveCfg = Debug|x86
		{951EF394-CA03-41F1-BE44-753DE02AC375}.DebugSetupless|Mixed Platforms.ActiveCfg = Debug|x86
		{951EF394-CA03-41F1-BE44-753DE02AC375}.DebugSetupless|x86.ActiveCfg = Debug|x86
		{951EF394-CA03-41F1-BE44-753DE02AC375}.Release|Any CPU.ActiveCfg = Release|x86
		{951EF394-CA03-41F1-BE44-753DE02AC375}.Release|Any CPU.Build.0 = Release|x86
		{951EF394-CA03-41F1-BE44-753DE02AC375}.Release|Mixed Platforms.ActiveCfg = Release|x86
		{951EF394-CA03-41F1-BE44-753DE02AC375}.Release|Mixed Platforms.Build.0 = Release|x86
		{951EF394-CA03-41F1-BE44-753DE02AC375}.Release|x86.ActiveCfg = Release|x86
		{F6B11CCE-6BDB-40F8-8404-3C9D5CAFE813}.Debug|Any CPU.ActiveCfg = Debug|Any CPU
		{F6B11CCE-6BDB-40F8-8404-3C9D5CAFE813}.Debug|Any CPU.Build.0 = Debug|Any CPU
		{F6B11CCE-6BDB-40F8-8404-3C9D5CAFE813}.Debug|Mixed Platforms.ActiveCfg = Debug|Any CPU
		{F6B11CCE-6BDB-40F8-8404-3C9D5CAFE813}.Debug|Mixed Platforms.Build.0 = Debug|Any CPU
		{F6B11CCE-6BDB-40F8-8404-3C9D5CAFE813}.Debug|x86.ActiveCfg = Debug|Any CPU
		{F6B11CCE-6BDB-40F8-8404-3C9D5CAFE813}.DebugSetupless|Any CPU.ActiveCfg = DebugSetupless|Any CPU
		{F6B11CCE-6BDB-40F8-8404-3C9D5CAFE813}.DebugSetupless|Any CPU.Build.0 = DebugSetupless|Any CPU
		{F6B11CCE-6BDB-40F8-8404-3C9D5CAFE813}.DebugSetupless|Mixed Platforms.ActiveCfg = DebugSetupless|Any CPU
		{F6B11CCE-6BDB-40F8-8404-3C9D5CAFE813}.DebugSetupless|Mixed Platforms.Build.0 = DebugSetupless|Any CPU
		{F6B11CCE-6BDB-40F8-8404-3C9D5CAFE813}.DebugSetupless|x86.ActiveCfg = DebugSetupless|Any CPU
		{F6B11CCE-6BDB-40F8-8404-3C9D5CAFE813}.Release|Any CPU.ActiveCfg = Release|Any CPU
		{F6B11CCE-6BDB-40F8-8404-3C9D5CAFE813}.Release|Any CPU.Build.0 = Release|Any CPU
		{F6B11CCE-6BDB-40F8-8404-3C9D5CAFE813}.Release|Mixed Platforms.ActiveCfg = Release|Any CPU
		{F6B11CCE-6BDB-40F8-8404-3C9D5CAFE813}.Release|Mixed Platforms.Build.0 = Release|Any CPU
		{F6B11CCE-6BDB-40F8-8404-3C9D5CAFE813}.Release|x86.ActiveCfg = Release|Any CPU
		{E37AC050-8412-4DE1-AAA9-B9AC0A648002}.Debug|Any CPU.ActiveCfg = Debug|Any CPU
		{E37AC050-8412-4DE1-AAA9-B9AC0A648002}.Debug|Any CPU.Build.0 = Debug|Any CPU
		{E37AC050-8412-4DE1-AAA9-B9AC0A648002}.Debug|Mixed Platforms.ActiveCfg = Debug|Any CPU
		{E37AC050-8412-4DE1-AAA9-B9AC0A648002}.Debug|Mixed Platforms.Build.0 = Debug|Any CPU
		{E37AC050-8412-4DE1-AAA9-B9AC0A648002}.Debug|x86.ActiveCfg = Debug|Any CPU
		{E37AC050-8412-4DE1-AAA9-B9AC0A648002}.DebugSetupless|Any CPU.ActiveCfg = DebugSetupless|Any CPU
		{E37AC050-8412-4DE1-AAA9-B9AC0A648002}.DebugSetupless|Any CPU.Build.0 = DebugSetupless|Any CPU
		{E37AC050-8412-4DE1-AAA9-B9AC0A648002}.DebugSetupless|Mixed Platforms.ActiveCfg = DebugSetupless|Any CPU
		{E37AC050-8412-4DE1-AAA9-B9AC0A648002}.DebugSetupless|Mixed Platforms.Build.0 = DebugSetupless|Any CPU
		{E37AC050-8412-4DE1-AAA9-B9AC0A648002}.DebugSetupless|x86.ActiveCfg = DebugSetupless|Any CPU
		{E37AC050-8412-4DE1-AAA9-B9AC0A648002}.Release|Any CPU.ActiveCfg = Release|Any CPU
		{E37AC050-8412-4DE1-AAA9-B9AC0A648002}.Release|Any CPU.Build.0 = Release|Any CPU
		{E37AC050-8412-4DE1-AAA9-B9AC0A648002}.Release|Mixed Platforms.ActiveCfg = Release|Any CPU
		{E37AC050-8412-4DE1-AAA9-B9AC0A648002}.Release|Mixed Platforms.Build.0 = Release|Any CPU
		{E37AC050-8412-4DE1-AAA9-B9AC0A648002}.Release|x86.ActiveCfg = Release|Any CPU
		{AAE7B7E0-9226-47DA-BF07-F2DAB1454D07}.Debug|Any CPU.ActiveCfg = Debug|Any CPU
		{AAE7B7E0-9226-47DA-BF07-F2DAB1454D07}.Debug|Any CPU.Build.0 = Debug|Any CPU
		{AAE7B7E0-9226-47DA-BF07-F2DAB1454D07}.Debug|Mixed Platforms.ActiveCfg = Debug|Any CPU
		{AAE7B7E0-9226-47DA-BF07-F2DAB1454D07}.Debug|Mixed Platforms.Build.0 = Debug|Any CPU
		{AAE7B7E0-9226-47DA-BF07-F2DAB1454D07}.Debug|x86.ActiveCfg = Debug|Any CPU
		{AAE7B7E0-9226-47DA-BF07-F2DAB1454D07}.DebugSetupless|Any CPU.ActiveCfg = DebugSetupless|Any CPU
		{AAE7B7E0-9226-47DA-BF07-F2DAB1454D07}.DebugSetupless|Any CPU.Build.0 = DebugSetupless|Any CPU
		{AAE7B7E0-9226-47DA-BF07-F2DAB1454D07}.DebugSetupless|Mixed Platforms.ActiveCfg = DebugSetupless|Any CPU
		{AAE7B7E0-9226-47DA-BF07-F2DAB1454D07}.DebugSetupless|Mixed Platforms.Build.0 = DebugSetupless|Any CPU
		{AAE7B7E0-9226-47DA-BF07-F2DAB1454D07}.DebugSetupless|x86.ActiveCfg = DebugSetupless|Any CPU
		{AAE7B7E0-9226-47DA-BF07-F2DAB1454D07}.Release|Any CPU.ActiveCfg = Release|Any CPU
		{AAE7B7E0-9226-47DA-BF07-F2DAB1454D07}.Release|Any CPU.Build.0 = Release|Any CPU
		{AAE7B7E0-9226-47DA-BF07-F2DAB1454D07}.Release|Mixed Platforms.ActiveCfg = Release|Any CPU
		{AAE7B7E0-9226-47DA-BF07-F2DAB1454D07}.Release|Mixed Platforms.Build.0 = Release|Any CPU
		{AAE7B7E0-9226-47DA-BF07-F2DAB1454D07}.Release|x86.ActiveCfg = Release|Any CPU
		{28FFCDED-781B-4BEE-95BF-32A9328FE14C}.Debug|Any CPU.ActiveCfg = Debug|Any CPU
		{28FFCDED-781B-4BEE-95BF-32A9328FE14C}.Debug|Any CPU.Build.0 = Debug|Any CPU
		{28FFCDED-781B-4BEE-95BF-32A9328FE14C}.Debug|Mixed Platforms.ActiveCfg = Debug|Any CPU
		{28FFCDED-781B-4BEE-95BF-32A9328FE14C}.Debug|Mixed Platforms.Build.0 = Debug|Any CPU
		{28FFCDED-781B-4BEE-95BF-32A9328FE14C}.Debug|x86.ActiveCfg = Debug|Any CPU
		{28FFCDED-781B-4BEE-95BF-32A9328FE14C}.DebugSetupless|Any CPU.ActiveCfg = DebugSetupless|Any CPU
		{28FFCDED-781B-4BEE-95BF-32A9328FE14C}.DebugSetupless|Any CPU.Build.0 = DebugSetupless|Any CPU
		{28FFCDED-781B-4BEE-95BF-32A9328FE14C}.DebugSetupless|Mixed Platforms.ActiveCfg = DebugSetupless|Any CPU
		{28FFCDED-781B-4BEE-95BF-32A9328FE14C}.DebugSetupless|Mixed Platforms.Build.0 = DebugSetupless|Any CPU
		{28FFCDED-781B-4BEE-95BF-32A9328FE14C}.DebugSetupless|x86.ActiveCfg = DebugSetupless|Any CPU
		{28FFCDED-781B-4BEE-95BF-32A9328FE14C}.Release|Any CPU.ActiveCfg = Release|Any CPU
		{28FFCDED-781B-4BEE-95BF-32A9328FE14C}.Release|Any CPU.Build.0 = Release|Any CPU
		{28FFCDED-781B-4BEE-95BF-32A9328FE14C}.Release|Mixed Platforms.ActiveCfg = Release|Any CPU
		{28FFCDED-781B-4BEE-95BF-32A9328FE14C}.Release|Mixed Platforms.Build.0 = Release|Any CPU
		{28FFCDED-781B-4BEE-95BF-32A9328FE14C}.Release|x86.ActiveCfg = Release|Any CPU
		{385C5624-1D3C-47B4-81C4-81A5BEDEE712}.Debug|Any CPU.ActiveCfg = Debug|Any CPU
		{385C5624-1D3C-47B4-81C4-81A5BEDEE712}.Debug|Any CPU.Build.0 = Debug|Any CPU
		{385C5624-1D3C-47B4-81C4-81A5BEDEE712}.Debug|Mixed Platforms.ActiveCfg = Debug|Any CPU
		{385C5624-1D3C-47B4-81C4-81A5BEDEE712}.Debug|Mixed Platforms.Build.0 = Debug|Any CPU
		{385C5624-1D3C-47B4-81C4-81A5BEDEE712}.Debug|x86.ActiveCfg = Debug|Any CPU
		{385C5624-1D3C-47B4-81C4-81A5BEDEE712}.DebugSetupless|Any CPU.ActiveCfg = DebugSetupless|Any CPU
		{385C5624-1D3C-47B4-81C4-81A5BEDEE712}.DebugSetupless|Any CPU.Build.0 = DebugSetupless|Any CPU
		{385C5624-1D3C-47B4-81C4-81A5BEDEE712}.DebugSetupless|Mixed Platforms.ActiveCfg = DebugSetupless|Any CPU
		{385C5624-1D3C-47B4-81C4-81A5BEDEE712}.DebugSetupless|Mixed Platforms.Build.0 = DebugSetupless|Any CPU
		{385C5624-1D3C-47B4-81C4-81A5BEDEE712}.DebugSetupless|x86.ActiveCfg = DebugSetupless|Any CPU
		{385C5624-1D3C-47B4-81C4-81A5BEDEE712}.Release|Any CPU.ActiveCfg = Release|Any CPU
		{385C5624-1D3C-47B4-81C4-81A5BEDEE712}.Release|Any CPU.Build.0 = Release|Any CPU
		{385C5624-1D3C-47B4-81C4-81A5BEDEE712}.Release|Mixed Platforms.ActiveCfg = Release|Any CPU
		{385C5624-1D3C-47B4-81C4-81A5BEDEE712}.Release|Mixed Platforms.Build.0 = Release|Any CPU
		{385C5624-1D3C-47B4-81C4-81A5BEDEE712}.Release|x86.ActiveCfg = Release|Any CPU
		{550E92C2-D3F4-4EC7-AA74-7DE0C488D262}.Debug|Any CPU.ActiveCfg = Debug|Any CPU
		{550E92C2-D3F4-4EC7-AA74-7DE0C488D262}.Debug|Any CPU.Build.0 = Debug|Any CPU
		{550E92C2-D3F4-4EC7-AA74-7DE0C488D262}.Debug|Mixed Platforms.ActiveCfg = Debug|Any CPU
		{550E92C2-D3F4-4EC7-AA74-7DE0C488D262}.Debug|Mixed Platforms.Build.0 = Debug|Any CPU
		{550E92C2-D3F4-4EC7-AA74-7DE0C488D262}.Debug|x86.ActiveCfg = Debug|Any CPU
		{550E92C2-D3F4-4EC7-AA74-7DE0C488D262}.DebugSetupless|Any CPU.ActiveCfg = DebugSetupless|Any CPU
		{550E92C2-D3F4-4EC7-AA74-7DE0C488D262}.DebugSetupless|Any CPU.Build.0 = DebugSetupless|Any CPU
		{550E92C2-D3F4-4EC7-AA74-7DE0C488D262}.DebugSetupless|Mixed Platforms.ActiveCfg = DebugSetupless|Any CPU
		{550E92C2-D3F4-4EC7-AA74-7DE0C488D262}.DebugSetupless|Mixed Platforms.Build.0 = DebugSetupless|Any CPU
		{550E92C2-D3F4-4EC7-AA74-7DE0C488D262}.DebugSetupless|x86.ActiveCfg = DebugSetupless|Any CPU
		{550E92C2-D3F4-4EC7-AA74-7DE0C488D262}.Release|Any CPU.ActiveCfg = Release|Any CPU
		{550E92C2-D3F4-4EC7-AA74-7DE0C488D262}.Release|Any CPU.Build.0 = Release|Any CPU
		{550E92C2-D3F4-4EC7-AA74-7DE0C488D262}.Release|Mixed Platforms.ActiveCfg = Release|Any CPU
		{550E92C2-D3F4-4EC7-AA74-7DE0C488D262}.Release|Mixed Platforms.Build.0 = Release|Any CPU
		{550E92C2-D3F4-4EC7-AA74-7DE0C488D262}.Release|x86.ActiveCfg = Release|Any CPU
		{97697854-DAE7-4F95-833F-487B98C727F8}.Debug|Any CPU.ActiveCfg = Debug|Any CPU
		{97697854-DAE7-4F95-833F-487B98C727F8}.Debug|Any CPU.Build.0 = Debug|Any CPU
		{97697854-DAE7-4F95-833F-487B98C727F8}.Debug|Mixed Platforms.ActiveCfg = Debug|Any CPU
		{97697854-DAE7-4F95-833F-487B98C727F8}.Debug|Mixed Platforms.Build.0 = Debug|Any CPU
		{97697854-DAE7-4F95-833F-487B98C727F8}.Debug|x86.ActiveCfg = Debug|Any CPU
		{97697854-DAE7-4F95-833F-487B98C727F8}.DebugSetupless|Any CPU.ActiveCfg = DebugSetupless|Any CPU
		{97697854-DAE7-4F95-833F-487B98C727F8}.DebugSetupless|Any CPU.Build.0 = DebugSetupless|Any CPU
		{97697854-DAE7-4F95-833F-487B98C727F8}.DebugSetupless|Mixed Platforms.ActiveCfg = DebugSetupless|Any CPU
		{97697854-DAE7-4F95-833F-487B98C727F8}.DebugSetupless|Mixed Platforms.Build.0 = DebugSetupless|Any CPU
		{97697854-DAE7-4F95-833F-487B98C727F8}.DebugSetupless|x86.ActiveCfg = DebugSetupless|Any CPU
		{97697854-DAE7-4F95-833F-487B98C727F8}.Release|Any CPU.ActiveCfg = Release|Any CPU
		{97697854-DAE7-4F95-833F-487B98C727F8}.Release|Any CPU.Build.0 = Release|Any CPU
		{97697854-DAE7-4F95-833F-487B98C727F8}.Release|Mixed Platforms.ActiveCfg = Release|Any CPU
		{97697854-DAE7-4F95-833F-487B98C727F8}.Release|Mixed Platforms.Build.0 = Release|Any CPU
		{97697854-DAE7-4F95-833F-487B98C727F8}.Release|x86.ActiveCfg = Release|Any CPU
		{2C071458-53A9-43DE-A916-432A57AA63E0}.Debug|Any CPU.ActiveCfg = Debug|Any CPU
		{2C071458-53A9-43DE-A916-432A57AA63E0}.Debug|Any CPU.Build.0 = Debug|Any CPU
		{2C071458-53A9-43DE-A916-432A57AA63E0}.Debug|Mixed Platforms.ActiveCfg = Debug|Any CPU
		{2C071458-53A9-43DE-A916-432A57AA63E0}.Debug|Mixed Platforms.Build.0 = Debug|Any CPU
		{2C071458-53A9-43DE-A916-432A57AA63E0}.Debug|x86.ActiveCfg = Debug|Any CPU
		{2C071458-53A9-43DE-A916-432A57AA63E0}.DebugSetupless|Any CPU.ActiveCfg = DebugSetupless|Any CPU
		{2C071458-53A9-43DE-A916-432A57AA63E0}.DebugSetupless|Mixed Platforms.ActiveCfg = Debug|Any CPU
		{2C071458-53A9-43DE-A916-432A57AA63E0}.DebugSetupless|x86.ActiveCfg = DebugSetupless|Any CPU
		{2C071458-53A9-43DE-A916-432A57AA63E0}.Release|Any CPU.ActiveCfg = Release|Any CPU
		{2C071458-53A9-43DE-A916-432A57AA63E0}.Release|Any CPU.Build.0 = Release|Any CPU
		{2C071458-53A9-43DE-A916-432A57AA63E0}.Release|Mixed Platforms.ActiveCfg = Release|Any CPU
		{2C071458-53A9-43DE-A916-432A57AA63E0}.Release|Mixed Platforms.Build.0 = Release|Any CPU
		{2C071458-53A9-43DE-A916-432A57AA63E0}.Release|x86.ActiveCfg = Release|Any CPU
		{F01D7F36-7580-4CFB-8F79-B7A8BC9B7E9F}.Debug|Any CPU.ActiveCfg = Debug|Any CPU
		{F01D7F36-7580-4CFB-8F79-B7A8BC9B7E9F}.Debug|Any CPU.Build.0 = Debug|Any CPU
		{F01D7F36-7580-4CFB-8F79-B7A8BC9B7E9F}.Debug|Mixed Platforms.ActiveCfg = Debug|Any CPU
		{F01D7F36-7580-4CFB-8F79-B7A8BC9B7E9F}.Debug|Mixed Platforms.Build.0 = Debug|Any CPU
		{F01D7F36-7580-4CFB-8F79-B7A8BC9B7E9F}.Debug|x86.ActiveCfg = Debug|Any CPU
		{F01D7F36-7580-4CFB-8F79-B7A8BC9B7E9F}.DebugSetupless|Any CPU.ActiveCfg = DebugSetupless|Any CPU
		{F01D7F36-7580-4CFB-8F79-B7A8BC9B7E9F}.DebugSetupless|Any CPU.Build.0 = DebugSetupless|Any CPU
		{F01D7F36-7580-4CFB-8F79-B7A8BC9B7E9F}.DebugSetupless|Mixed Platforms.ActiveCfg = DebugSetupless|Any CPU
		{F01D7F36-7580-4CFB-8F79-B7A8BC9B7E9F}.DebugSetupless|Mixed Platforms.Build.0 = DebugSetupless|Any CPU
		{F01D7F36-7580-4CFB-8F79-B7A8BC9B7E9F}.DebugSetupless|x86.ActiveCfg = DebugSetupless|Any CPU
		{F01D7F36-7580-4CFB-8F79-B7A8BC9B7E9F}.Release|Any CPU.ActiveCfg = Release|Any CPU
		{F01D7F36-7580-4CFB-8F79-B7A8BC9B7E9F}.Release|Any CPU.Build.0 = Release|Any CPU
		{F01D7F36-7580-4CFB-8F79-B7A8BC9B7E9F}.Release|Mixed Platforms.ActiveCfg = Release|Any CPU
		{F01D7F36-7580-4CFB-8F79-B7A8BC9B7E9F}.Release|Mixed Platforms.Build.0 = Release|Any CPU
		{F01D7F36-7580-4CFB-8F79-B7A8BC9B7E9F}.Release|x86.ActiveCfg = Release|Any CPU
		{008F12BA-9846-498E-8BF4-E69C2825EE15}.Debug|Any CPU.ActiveCfg = Debug|Any CPU
		{008F12BA-9846-498E-8BF4-E69C2825EE15}.Debug|Any CPU.Build.0 = Debug|Any CPU
		{008F12BA-9846-498E-8BF4-E69C2825EE15}.Debug|Mixed Platforms.ActiveCfg = Debug|Any CPU
		{008F12BA-9846-498E-8BF4-E69C2825EE15}.Debug|Mixed Platforms.Build.0 = Debug|Any CPU
		{008F12BA-9846-498E-8BF4-E69C2825EE15}.Debug|x86.ActiveCfg = Debug|Any CPU
		{008F12BA-9846-498E-8BF4-E69C2825EE15}.DebugSetupless|Any CPU.ActiveCfg = DebugSetupless|Any CPU
		{008F12BA-9846-498E-8BF4-E69C2825EE15}.DebugSetupless|Any CPU.Build.0 = DebugSetupless|Any CPU
		{008F12BA-9846-498E-8BF4-E69C2825EE15}.DebugSetupless|Mixed Platforms.ActiveCfg = DebugSetupless|Any CPU
		{008F12BA-9846-498E-8BF4-E69C2825EE15}.DebugSetupless|Mixed Platforms.Build.0 = DebugSetupless|Any CPU
		{008F12BA-9846-498E-8BF4-E69C2825EE15}.DebugSetupless|x86.ActiveCfg = DebugSetupless|Any CPU
		{008F12BA-9846-498E-8BF4-E69C2825EE15}.Release|Any CPU.ActiveCfg = Release|Any CPU
		{008F12BA-9846-498E-8BF4-E69C2825EE15}.Release|Any CPU.Build.0 = Release|Any CPU
		{008F12BA-9846-498E-8BF4-E69C2825EE15}.Release|Mixed Platforms.ActiveCfg = Release|Any CPU
		{008F12BA-9846-498E-8BF4-E69C2825EE15}.Release|Mixed Platforms.Build.0 = Release|Any CPU
		{008F12BA-9846-498E-8BF4-E69C2825EE15}.Release|x86.ActiveCfg = Release|Any CPU
		{C5A95C2E-0AAE-4933-8221-3B0815C12C4A}.Debug|Any CPU.ActiveCfg = Debug|Any CPU
		{C5A95C2E-0AAE-4933-8221-3B0815C12C4A}.Debug|Any CPU.Build.0 = Debug|Any CPU
		{C5A95C2E-0AAE-4933-8221-3B0815C12C4A}.Debug|Mixed Platforms.ActiveCfg = Debug|Any CPU
		{C5A95C2E-0AAE-4933-8221-3B0815C12C4A}.Debug|Mixed Platforms.Build.0 = Debug|Any CPU
		{C5A95C2E-0AAE-4933-8221-3B0815C12C4A}.Debug|x86.ActiveCfg = Debug|Any CPU
		{C5A95C2E-0AAE-4933-8221-3B0815C12C4A}.DebugSetupless|Any CPU.ActiveCfg = DebugSetupless|Any CPU
		{C5A95C2E-0AAE-4933-8221-3B0815C12C4A}.DebugSetupless|Any CPU.Build.0 = DebugSetupless|Any CPU
		{C5A95C2E-0AAE-4933-8221-3B0815C12C4A}.DebugSetupless|Mixed Platforms.ActiveCfg = DebugSetupless|Any CPU
		{C5A95C2E-0AAE-4933-8221-3B0815C12C4A}.DebugSetupless|Mixed Platforms.Build.0 = DebugSetupless|Any CPU
		{C5A95C2E-0AAE-4933-8221-3B0815C12C4A}.DebugSetupless|x86.ActiveCfg = DebugSetupless|Any CPU
		{C5A95C2E-0AAE-4933-8221-3B0815C12C4A}.Release|Any CPU.ActiveCfg = Release|Any CPU
		{C5A95C2E-0AAE-4933-8221-3B0815C12C4A}.Release|Any CPU.Build.0 = Release|Any CPU
		{C5A95C2E-0AAE-4933-8221-3B0815C12C4A}.Release|Mixed Platforms.ActiveCfg = Release|Any CPU
		{C5A95C2E-0AAE-4933-8221-3B0815C12C4A}.Release|Mixed Platforms.Build.0 = Release|Any CPU
		{C5A95C2E-0AAE-4933-8221-3B0815C12C4A}.Release|x86.ActiveCfg = Release|Any CPU
		{876E8144-681A-4922-8F18-707D8707A79F}.Debug|Any CPU.ActiveCfg = Debug|Any CPU
		{876E8144-681A-4922-8F18-707D8707A79F}.Debug|Any CPU.Build.0 = Debug|Any CPU
		{876E8144-681A-4922-8F18-707D8707A79F}.Debug|Mixed Platforms.ActiveCfg = Debug|Any CPU
		{876E8144-681A-4922-8F18-707D8707A79F}.Debug|Mixed Platforms.Build.0 = Debug|Any CPU
		{876E8144-681A-4922-8F18-707D8707A79F}.Debug|x86.ActiveCfg = Debug|Any CPU
		{876E8144-681A-4922-8F18-707D8707A79F}.DebugSetupless|Any CPU.ActiveCfg = DebugSetupless|Any CPU
		{876E8144-681A-4922-8F18-707D8707A79F}.DebugSetupless|Any CPU.Build.0 = DebugSetupless|Any CPU
		{876E8144-681A-4922-8F18-707D8707A79F}.DebugSetupless|Mixed Platforms.ActiveCfg = DebugSetupless|Any CPU
		{876E8144-681A-4922-8F18-707D8707A79F}.DebugSetupless|Mixed Platforms.Build.0 = DebugSetupless|Any CPU
		{876E8144-681A-4922-8F18-707D8707A79F}.DebugSetupless|x86.ActiveCfg = DebugSetupless|Any CPU
		{876E8144-681A-4922-8F18-707D8707A79F}.Release|Any CPU.ActiveCfg = Release|Any CPU
		{876E8144-681A-4922-8F18-707D8707A79F}.Release|Any CPU.Build.0 = Release|Any CPU
		{876E8144-681A-4922-8F18-707D8707A79F}.Release|Mixed Platforms.ActiveCfg = Release|Any CPU
		{876E8144-681A-4922-8F18-707D8707A79F}.Release|Mixed Platforms.Build.0 = Release|Any CPU
		{876E8144-681A-4922-8F18-707D8707A79F}.Release|x86.ActiveCfg = Release|Any CPU
		{E03286A6-6A33-4FFE-84FC-4D78F66EC33B}.Debug|Any CPU.ActiveCfg = Debug|Any CPU
		{E03286A6-6A33-4FFE-84FC-4D78F66EC33B}.Debug|Any CPU.Build.0 = Debug|Any CPU
		{E03286A6-6A33-4FFE-84FC-4D78F66EC33B}.Debug|Mixed Platforms.ActiveCfg = Debug|Any CPU
		{E03286A6-6A33-4FFE-84FC-4D78F66EC33B}.Debug|Mixed Platforms.Build.0 = Debug|Any CPU
		{E03286A6-6A33-4FFE-84FC-4D78F66EC33B}.Debug|x86.ActiveCfg = Debug|Any CPU
		{E03286A6-6A33-4FFE-84FC-4D78F66EC33B}.DebugSetupless|Any CPU.ActiveCfg = DebugSetupless|Any CPU
		{E03286A6-6A33-4FFE-84FC-4D78F66EC33B}.DebugSetupless|Any CPU.Build.0 = DebugSetupless|Any CPU
		{E03286A6-6A33-4FFE-84FC-4D78F66EC33B}.DebugSetupless|Mixed Platforms.ActiveCfg = DebugSetupless|Any CPU
		{E03286A6-6A33-4FFE-84FC-4D78F66EC33B}.DebugSetupless|Mixed Platforms.Build.0 = DebugSetupless|Any CPU
		{E03286A6-6A33-4FFE-84FC-4D78F66EC33B}.DebugSetupless|x86.ActiveCfg = DebugSetupless|Any CPU
		{E03286A6-6A33-4FFE-84FC-4D78F66EC33B}.Release|Any CPU.ActiveCfg = Release|Any CPU
		{E03286A6-6A33-4FFE-84FC-4D78F66EC33B}.Release|Any CPU.Build.0 = Release|Any CPU
		{E03286A6-6A33-4FFE-84FC-4D78F66EC33B}.Release|Mixed Platforms.ActiveCfg = Release|Any CPU
		{E03286A6-6A33-4FFE-84FC-4D78F66EC33B}.Release|Mixed Platforms.Build.0 = Release|Any CPU
		{E03286A6-6A33-4FFE-84FC-4D78F66EC33B}.Release|x86.ActiveCfg = Release|Any CPU
		{209CC860-9FA9-45E5-9D2A-52E45B71EB05}.Debug|Any CPU.ActiveCfg = Debug|Any CPU
		{209CC860-9FA9-45E5-9D2A-52E45B71EB05}.Debug|Any CPU.Build.0 = Debug|Any CPU
		{209CC860-9FA9-45E5-9D2A-52E45B71EB05}.Debug|Mixed Platforms.ActiveCfg = Debug|Any CPU
		{209CC860-9FA9-45E5-9D2A-52E45B71EB05}.Debug|Mixed Platforms.Build.0 = Debug|Any CPU
		{209CC860-9FA9-45E5-9D2A-52E45B71EB05}.Debug|x86.ActiveCfg = Debug|Any CPU
		{209CC860-9FA9-45E5-9D2A-52E45B71EB05}.Debug|x86.Build.0 = Debug|Any CPU
		{209CC860-9FA9-45E5-9D2A-52E45B71EB05}.DebugSetupless|Any CPU.ActiveCfg = Debug|Any CPU
		{209CC860-9FA9-45E5-9D2A-52E45B71EB05}.DebugSetupless|Any CPU.Build.0 = Debug|Any CPU
		{209CC860-9FA9-45E5-9D2A-52E45B71EB05}.DebugSetupless|Mixed Platforms.ActiveCfg = Debug|Any CPU
		{209CC860-9FA9-45E5-9D2A-52E45B71EB05}.DebugSetupless|Mixed Platforms.Build.0 = Debug|Any CPU
		{209CC860-9FA9-45E5-9D2A-52E45B71EB05}.DebugSetupless|x86.ActiveCfg = Debug|Any CPU
		{209CC860-9FA9-45E5-9D2A-52E45B71EB05}.DebugSetupless|x86.Build.0 = Debug|Any CPU
		{209CC860-9FA9-45E5-9D2A-52E45B71EB05}.Release|Any CPU.ActiveCfg = Release|Any CPU
		{209CC860-9FA9-45E5-9D2A-52E45B71EB05}.Release|Any CPU.Build.0 = Release|Any CPU
		{209CC860-9FA9-45E5-9D2A-52E45B71EB05}.Release|Mixed Platforms.ActiveCfg = Release|Any CPU
		{209CC860-9FA9-45E5-9D2A-52E45B71EB05}.Release|Mixed Platforms.Build.0 = Release|Any CPU
		{209CC860-9FA9-45E5-9D2A-52E45B71EB05}.Release|x86.ActiveCfg = Release|Any CPU
		{209CC860-9FA9-45E5-9D2A-52E45B71EB05}.Release|x86.Build.0 = Release|Any CPU
		{DE4D90C1-DF04-4BC8-959A-8CF0090CD3D5}.Debug|Any CPU.ActiveCfg = Debug|Any CPU
		{DE4D90C1-DF04-4BC8-959A-8CF0090CD3D5}.Debug|Any CPU.Build.0 = Debug|Any CPU
		{DE4D90C1-DF04-4BC8-959A-8CF0090CD3D5}.Debug|Mixed Platforms.ActiveCfg = Debug|Any CPU
		{DE4D90C1-DF04-4BC8-959A-8CF0090CD3D5}.Debug|Mixed Platforms.Build.0 = Debug|Any CPU
		{DE4D90C1-DF04-4BC8-959A-8CF0090CD3D5}.Debug|x86.ActiveCfg = Debug|Any CPU
		{DE4D90C1-DF04-4BC8-959A-8CF0090CD3D5}.Debug|x86.Build.0 = Debug|Any CPU
		{DE4D90C1-DF04-4BC8-959A-8CF0090CD3D5}.DebugSetupless|Any CPU.ActiveCfg = Debug|Any CPU
		{DE4D90C1-DF04-4BC8-959A-8CF0090CD3D5}.DebugSetupless|Any CPU.Build.0 = Debug|Any CPU
		{DE4D90C1-DF04-4BC8-959A-8CF0090CD3D5}.DebugSetupless|Mixed Platforms.ActiveCfg = Debug|Any CPU
		{DE4D90C1-DF04-4BC8-959A-8CF0090CD3D5}.DebugSetupless|Mixed Platforms.Build.0 = Debug|Any CPU
		{DE4D90C1-DF04-4BC8-959A-8CF0090CD3D5}.DebugSetupless|x86.ActiveCfg = Debug|Any CPU
		{DE4D90C1-DF04-4BC8-959A-8CF0090CD3D5}.DebugSetupless|x86.Build.0 = Debug|Any CPU
		{DE4D90C1-DF04-4BC8-959A-8CF0090CD3D5}.Release|Any CPU.ActiveCfg = Release|Any CPU
		{DE4D90C1-DF04-4BC8-959A-8CF0090CD3D5}.Release|Any CPU.Build.0 = Release|Any CPU
		{DE4D90C1-DF04-4BC8-959A-8CF0090CD3D5}.Release|Mixed Platforms.ActiveCfg = Release|Any CPU
		{DE4D90C1-DF04-4BC8-959A-8CF0090CD3D5}.Release|Mixed Platforms.Build.0 = Release|Any CPU
		{DE4D90C1-DF04-4BC8-959A-8CF0090CD3D5}.Release|x86.ActiveCfg = Release|Any CPU
		{DE4D90C1-DF04-4BC8-959A-8CF0090CD3D5}.Release|x86.Build.0 = Release|Any CPU
	EndGlobalSection
	GlobalSection(SolutionProperties) = preSolution
		HideSolutionNode = FALSE
	EndGlobalSection
	GlobalSection(NestedProjects) = preSolution
		{87D5F0D8-DB43-46E1-A442-4C2B4D11E582} = {9A413E5F-7D7B-4D00-90F6-D54547F39330}
		{87881FF0-C55D-4BCC-85E0-FD63F29BB933} = {9A413E5F-7D7B-4D00-90F6-D54547F39330}
		{91359FAB-4DEF-4ACF-AC08-7C657DF0771B} = {9A413E5F-7D7B-4D00-90F6-D54547F39330}
		{ACB09F1E-C7B3-4016-8F76-1E8E5D50615B} = {9A413E5F-7D7B-4D00-90F6-D54547F39330}
		{F5373C55-E192-4C6F-8AE7-5890BAA76E51} = {DE1BBF18-FFEB-40E8-99E8-14E639F7BEF4}
		{BB7E3DC8-8DE3-4F4E-94B9-C410D7A3162A} = {DE1BBF18-FFEB-40E8-99E8-14E639F7BEF4}
		{AC0F8A6C-4AE6-41E5-8B31-D64A5EC39619} = {87D5F0D8-DB43-46E1-A442-4C2B4D11E582}
		{BD70A9ED-2F7B-4FDC-B7F7-16F87B0C0A1F} = {9A413E5F-7D7B-4D00-90F6-D54547F39330}
		{6A196940-C923-49CD-96B3-C49FBCD351F8} = {9A413E5F-7D7B-4D00-90F6-D54547F39330}
		{FC6682A2-2BD5-4EC9-A3EC-25B79B5EA686} = {87D5F0D8-DB43-46E1-A442-4C2B4D11E582}
		{1908EAC1-2813-45F0-B3D5-2A26C42AF8CB} = {DE1BBF18-FFEB-40E8-99E8-14E639F7BEF4}
		{6C06BB7C-FA35-4F10-8F8C-76BF4BC64261} = {87D5F0D8-DB43-46E1-A442-4C2B4D11E582}
		{F9E0A643-C6B0-4A10-A820-59980F3D9555} = {DE1BBF18-FFEB-40E8-99E8-14E639F7BEF4}
		{5A3CB4B3-9ADE-4685-9B52-E83E4B9BC57C} = {87D5F0D8-DB43-46E1-A442-4C2B4D11E582}
		{54A76775-652A-46F8-81C7-8C22A600F23D} = {739D14CB-C696-4827-9ABF-E65752007978}
		{D2CC4F57-2144-4E93-A557-3EC49C372056} = {87D5F0D8-DB43-46E1-A442-4C2B4D11E582}
		{B6A4E4E7-E1A8-4386-B299-74A6298A1190} = {739D14CB-C696-4827-9ABF-E65752007978}
		{69537265-7F45-47DB-B8C8-56C973216137} = {91359FAB-4DEF-4ACF-AC08-7C657DF0771B}
		{7F994F08-79AE-4492-98FC-449AD340D5A5} = {91359FAB-4DEF-4ACF-AC08-7C657DF0771B}
		{228549C1-453B-4508-AD26-649015AE0B3C} = {739D14CB-C696-4827-9ABF-E65752007978}
		{7BE6561A-9DEA-4BFE-AA4A-262F66E34926} = {87D5F0D8-DB43-46E1-A442-4C2B4D11E582}
		{E1B544E2-2639-41E2-8CE4-89D27BFA473D} = {DE1BBF18-FFEB-40E8-99E8-14E639F7BEF4}
		{951EF394-CA03-41F1-BE44-753DE02AC375} = {EB6B0E36-0676-4E38-9F20-18E911D20625}
		{F6B11CCE-6BDB-40F8-8404-3C9D5CAFE813} = {87881FF0-C55D-4BCC-85E0-FD63F29BB933}
		{E37AC050-8412-4DE1-AAA9-B9AC0A648002} = {87881FF0-C55D-4BCC-85E0-FD63F29BB933}
		{AAE7B7E0-9226-47DA-BF07-F2DAB1454D07} = {87881FF0-C55D-4BCC-85E0-FD63F29BB933}
		{28FFCDED-781B-4BEE-95BF-32A9328FE14C} = {87881FF0-C55D-4BCC-85E0-FD63F29BB933}
		{385C5624-1D3C-47B4-81C4-81A5BEDEE712} = {739D14CB-C696-4827-9ABF-E65752007978}
		{550E92C2-D3F4-4EC7-AA74-7DE0C488D262} = {87881FF0-C55D-4BCC-85E0-FD63F29BB933}
		{97697854-DAE7-4F95-833F-487B98C727F8} = {87881FF0-C55D-4BCC-85E0-FD63F29BB933}
		{2C071458-53A9-43DE-A916-432A57AA63E0} = {EB6B0E36-0676-4E38-9F20-18E911D20625}
		{F01D7F36-7580-4CFB-8F79-B7A8BC9B7E9F} = {87881FF0-C55D-4BCC-85E0-FD63F29BB933}
		{008F12BA-9846-498E-8BF4-E69C2825EE15} = {87D5F0D8-DB43-46E1-A442-4C2B4D11E582}
		{C5A95C2E-0AAE-4933-8221-3B0815C12C4A} = {87881FF0-C55D-4BCC-85E0-FD63F29BB933}
		{876E8144-681A-4922-8F18-707D8707A79F} = {87D5F0D8-DB43-46E1-A442-4C2B4D11E582}
		{E03286A6-6A33-4FFE-84FC-4D78F66EC33B} = {ACB09F1E-C7B3-4016-8F76-1E8E5D50615B}
		{209CC860-9FA9-45E5-9D2A-52E45B71EB05} = {87D5F0D8-DB43-46E1-A442-4C2B4D11E582}
		{DE4D90C1-DF04-4BC8-959A-8CF0090CD3D5} = {FBD5FFB9-08CD-40B9-9E96-F87562DB96E5}
	EndGlobalSection
	GlobalSection(TestCaseManagementSettings) = postSolution
		CategoryFile = AIT.DMF.vsmdi
	EndGlobalSection
EndGlobal
